// !$*UTF8*$!
{
	archiveVersion = 1;
	classes = {
	};
	objectVersion = 56;
	objects = {

/* Begin PBXBuildFile section */
		279078B38BAD7C57A5F70A00 /* FirebaseCore in Frameworks */ = {isa = PBXBuildFile; productRef = 07815B2FE75288FA1841D3B4 /* FirebaseCore */; };
		282C01417326A29F48C31FDB /* FirebaseFirestore in Frameworks */ = {isa = PBXBuildFile; productRef = 8A27F3BCA7C8389E916778B8 /* FirebaseFirestore */; };
		58EC0C660BA7BC2FDEA1C967 /* FirebaseAuth in Frameworks */ = {isa = PBXBuildFile; productRef = 622702610237BC142D51F5C8 /* FirebaseAuth */; };
		855FCA1030653FD4008C3101 /* APIService.swift in Sources */ = {isa = PBXBuildFile; fileRef = 855FCA0F30653FC2008C3101 /* APIService.swift */; };
		A00000000000000000000014 /* CalmApp.swift in Sources */ = {isa = PBXBuildFile; fileRef = A00000000000000000000012 /* CalmApp.swift */; };
		A00000000000000000000015 /* Assets.xcassets in Resources */ = {isa = PBXBuildFile; fileRef = A00000000000000000000013 /* Assets.xcassets */; };
		A00000000000000000000022 /* OnboardingModel.swift in Sources */ = {isa = PBXBuildFile; fileRef = A00000000000000000000020 /* OnboardingModel.swift */; };
		A00000000000000000000023 /* OnboardingView.swift in Sources */ = {isa = PBXBuildFile; fileRef = A00000000000000000000021 /* OnboardingView.swift */; };
		A00000000000000000000025 /* HomeView.swift in Sources */ = {isa = PBXBuildFile; fileRef = A00000000000000000000024 /* HomeView.swift */; };
		A00000000000000000000027 /* DiscoveryView.swift in Sources */ = {isa = PBXBuildFile; fileRef = A00000000000000000000026 /* DiscoveryView.swift */; };
		A00000000000000000000029 /* ReservationFlow.swift in Sources */ = {isa = PBXBuildFile; fileRef = A00000000000000000000028 /* ReservationFlow.swift */; };
		A00000000000000000000031 /* Inter.ttf in Resources */ = {isa = PBXBuildFile; fileRef = A00000000000000000000030 /* Inter.ttf */; };
		A00000000000000000000033 /* Inter-OFL.txt in Resources */ = {isa = PBXBuildFile; fileRef = A00000000000000000000032 /* Inter-OFL.txt */; };
		A00000000000000000000035 /* ProfileFlow.swift in Sources */ = {isa = PBXBuildFile; fileRef = A00000000000000000000034 /* ProfileFlow.swift */; };
		A9FB1E81225838A9A357E60E /* GoogleService-Info.plist in Resources */ = {isa = PBXBuildFile; fileRef = B7BCF5286780723A7F55F9CC /* GoogleService-Info.plist */; };
		D8C3FBE4EF3961A73A3564FD /* FirebaseCore in Frameworks */ = {isa = PBXBuildFile; productRef = "TEMP_C4A4881F-C369-4819-834D-032080197F3B" /* FirebaseCore */; };
/* End PBXBuildFile section */

/* Begin PBXFileReference section */
		855FCA0F30653FC2008C3101 /* APIService.swift */ = {isa = PBXFileReference; lastKnownFileType = sourcecode.swift; path = APIService.swift; sourceTree = "<group>"; };
		A00000000000000000000006 /* CalmIOS.app */ = {isa = PBXFileReference; explicitFileType = wrapper.application; includeInIndex = 0; path = CalmIOS.app; sourceTree = BUILT_PRODUCTS_DIR; };
		A00000000000000000000012 /* CalmApp.swift */ = {isa = PBXFileReference; lastKnownFileType = sourcecode.swift; path = CalmApp.swift; sourceTree = "<group>"; };
		A00000000000000000000013 /* Assets.xcassets */ = {isa = PBXFileReference; lastKnownFileType = folder.assetcatalog; path = Assets.xcassets; sourceTree = "<group>"; };
		A00000000000000000000020 /* OnboardingModel.swift */ = {isa = PBXFileReference; lastKnownFileType = sourcecode.swift; path = OnboardingModel.swift; sourceTree = "<group>"; };
		A00000000000000000000021 /* OnboardingView.swift */ = {isa = PBXFileReference; lastKnownFileType = sourcecode.swift; path = OnboardingView.swift; sourceTree = "<group>"; };
		A00000000000000000000024 /* HomeView.swift */ = {isa = PBXFileReference; lastKnownFileType = sourcecode.swift; path = HomeView.swift; sourceTree = "<group>"; };
		A00000000000000000000026 /* DiscoveryView.swift */ = {isa = PBXFileReference; lastKnownFileType = sourcecode.swift; path = DiscoveryView.swift; sourceTree = "<group>"; };
		A00000000000000000000028 /* ReservationFlow.swift */ = {isa = PBXFileReference; lastKnownFileType = sourcecode.swift; path = ReservationFlow.swift; sourceTree = "<group>"; };
		A00000000000000000000030 /* Inter.ttf */ = {isa = PBXFileReference; lastKnownFileType = file; path = Inter.ttf; sourceTree = "<group>"; };
		A00000000000000000000032 /* Inter-OFL.txt */ = {isa = PBXFileReference; lastKnownFileType = text; path = "Inter-OFL.txt"; sourceTree = "<group>"; };
		A00000000000000000000034 /* ProfileFlow.swift */ = {isa = PBXFileReference; lastKnownFileType = sourcecode.swift; path = ProfileFlow.swift; sourceTree = "<group>"; };
		B7BCF5286780723A7F55F9CC /* GoogleService-Info.plist */ = {isa = PBXFileReference; explicitFileType = text.plist; path = "GoogleService-Info.plist"; sourceTree = "<group>"; };
/* End PBXFileReference section */

/* Begin PBXFrameworksBuildPhase section */
		A00000000000000000000008 /* Frameworks */ = {
			isa = PBXFrameworksBuildPhase;
			buildActionMask = 2147483647;
			files = (
				D8C3FBE4EF3961A73A3564FD /* FirebaseCore in Frameworks */,
				279078B38BAD7C57A5F70A00 /* FirebaseCore in Frameworks */,
				58EC0C660BA7BC2FDEA1C967 /* FirebaseAuth in Frameworks */,
				282C01417326A29F48C31FDB /* FirebaseFirestore in Frameworks */,
			);
			runOnlyForDeploymentPostprocessing = 0;
		};
/* End PBXFrameworksBuildPhase section */

/* Begin PBXGroup section */
		A00000000000000000000002 = {
			isa = PBXGroup;
			children = (
				A00000000000000000000005 /* CalmIOS */,
				A00000000000000000000003 /* Products */,
			);
			sourceTree = "<group>";
		};
		A00000000000000000000003 /* Products */ = {
			isa = PBXGroup;
			children = (
				A00000000000000000000006 /* CalmIOS.app */,
			);
			name = Products;
			sourceTree = "<group>";
		};
		A00000000000000000000005 /* CalmIOS */ = {
			isa = PBXGroup;
			children = (
				855FCA0F30653FC2008C3101 /* APIService.swift */,
				A00000000000000000000012 /* CalmApp.swift */,
				A00000000000000000000013 /* Assets.xcassets */,
				A00000000000000000000020 /* OnboardingModel.swift */,
				A00000000000000000000021 /* OnboardingView.swift */,
				A00000000000000000000024 /* HomeView.swift */,
				A00000000000000000000026 /* DiscoveryView.swift */,
				A00000000000000000000028 /* ReservationFlow.swift */,
				A00000000000000000000030 /* Inter.ttf */,
				A00000000000000000000032 /* Inter-OFL.txt */,
				A00000000000000000000034 /* ProfileFlow.swift */,
				B7BCF5286780723A7F55F9CC /* GoogleService-Info.plist */,
			);
			path = CalmIOS;
			sourceTree = "<group>";
		};
/* End PBXGroup section */

/* Begin PBXNativeTarget section */
		A00000000000000000000004 /* CalmIOS */ = {
			isa = PBXNativeTarget;
			buildConfigurationList = A00000000000000000000011 /* Build configuration list for PBXNativeTarget "CalmIOS" */;
			buildPhases = (
				A00000000000000000000007 /* Sources */,
				A00000000000000000000008 /* Frameworks */,
				A00000000000000000000009 /* Resources */,
			);
			buildRules = (
			);
			dependencies = (
			);
			name = CalmIOS;
			packageProductDependencies = (
				07815B2FE75288FA1841D3B4 /* FirebaseCore */,
				622702610237BC142D51F5C8 /* FirebaseAuth */,
				8A27F3BCA7C8389E916778B8 /* FirebaseFirestore */,
			);
			productName = CalmIOS;
			productReference = A00000000000000000000006 /* CalmIOS.app */;
			productType = "com.apple.product-type.application";
		};
/* End PBXNativeTarget section */

/* Begin PBXProject section */
		A00000000000000000000001 /* Project object */ = {
			isa = PBXProject;
			attributes = {
				BuildIndependentTargetsInParallel = YES;
				LastUpgradeCheck = 1640;
			};
			buildConfigurationList = A00000000000000000000010 /* Build configuration list for PBXProject "CalmIOS" */;
			compatibilityVersion = "Xcode 14.0";
			developmentRegion = ko;
			hasScannedForEncodings = 0;
			knownRegions = (
				ko,
				en,
				Base,
			);
			mainGroup = A00000000000000000000002;
			packageReferences = (
				8CBC0D4C1B24CBD044F695D3 /* XCRemoteSwiftPackageReference "firebase-ios-sdk" */,
			);
			productRefGroup = A00000000000000000000003 /* Products */;
			projectDirPath = "";
			projectRoot = "";
			targets = (
				A00000000000000000000004 /* CalmIOS */,
			);
		};
/* End PBXProject section */

/* Begin PBXResourcesBuildPhase section */
		A00000000000000000000009 /* Resources */ = {
			isa = PBXResourcesBuildPhase;
			buildActionMask = 2147483647;
			files = (
				A00000000000000000000015 /* Assets.xcassets in Resources */,
				A00000000000000000000031 /* Inter.ttf in Resources */,
				A00000000000000000000033 /* Inter-OFL.txt in Resources */,
				A9FB1E81225838A9A357E60E /* GoogleService-Info.plist in Resources */,
			);
			runOnlyForDeploymentPostprocessing = 0;
		};
/* End PBXResourcesBuildPhase section */

/* Begin PBXSourcesBuildPhase section */
		A00000000000000000000007 /* Sources */ = {
			isa = PBXSourcesBuildPhase;
			buildActionMask = 2147483647;
			files = (
				A00000000000000000000014 /* CalmApp.swift in Sources */,
				A00000000000000000000022 /* OnboardingModel.swift in Sources */,
				A00000000000000000000023 /* OnboardingView.swift in Sources */,
				A00000000000000000000025 /* HomeView.swift in Sources */,
				A00000000000000000000027 /* DiscoveryView.swift in Sources */,
				A00000000000000000000029 /* ReservationFlow.swift in Sources */,
				855FCA1030653FD4008C3101 /* APIService.swift in Sources */,
				A00000000000000000000035 /* ProfileFlow.swift in Sources */,
			);
			runOnlyForDeploymentPostprocessing = 0;
		};
/* End PBXSourcesBuildPhase section */

/* Begin XCBuildConfiguration section */
		A00000000000000000000016 /* Debug */ = {
			isa = XCBuildConfiguration;
			buildSettings = {
				CLANG_ANALYZER_LOCALIZABILITY_NONLOCALIZED = YES;
				CLANG_ENABLE_MODULES = YES;
				CLANG_WARN_BLOCK_CAPTURE_AUTORELEASING = YES;
				CLANG_WARN_BOOL_CONVERSION = YES;
				CLANG_WARN_COMMA = YES;
				CLANG_WARN_CONSTANT_CONVERSION = YES;
				CLANG_WARN_DEPRECATED_OBJC_IMPLEMENTATIONS = YES;
				CLANG_WARN_EMPTY_BODY = YES;
				CLANG_WARN_ENUM_CONVERSION = YES;
				CLANG_WARN_INFINITE_RECURSION = YES;
				CLANG_WARN_INT_CONVERSION = YES;
				CLANG_WARN_NON_LITERAL_NULL_CONVERSION = YES;
				CLANG_WARN_OBJC_IMPLICIT_RETAIN_SELF = YES;
				CLANG_WARN_OBJC_LITERAL_CONVERSION = YES;
				CLANG_WARN_QUOTED_INCLUDE_IN_FRAMEWORK_HEADER = YES;
				CLANG_WARN_RANGE_LOOP_ANALYSIS = YES;
				CLANG_WARN_STRICT_PROTOTYPES = YES;
				CLANG_WARN_SUSPICIOUS_MOVE = YES;
				CLANG_WARN_UNREACHABLE_CODE = YES;
				CLANG_WARN__DUPLICATE_METHOD_MATCH = YES;
				DEBUG_INFORMATION_FORMAT = dwarf;
				ENABLE_STRICT_OBJC_MSGSEND = YES;
				ENABLE_TESTABILITY = YES;
				ENABLE_USER_SCRIPT_SANDBOXING = YES;
				GCC_NO_COMMON_BLOCKS = YES;
				GCC_WARN_64_TO_32_BIT_CONVERSION = YES;
				GCC_WARN_ABOUT_RETURN_TYPE = YES;
				GCC_WARN_UNDECLARED_SELECTOR = YES;
				GCC_WARN_UNINITIALIZED_AUTOS = YES;
				GCC_WARN_UNUSED_FUNCTION = YES;
				GCC_WARN_UNUSED_VARIABLE = YES;
				IPHONEOS_DEPLOYMENT_TARGET = 16.0;
				ONLY_ACTIVE_ARCH = YES;
				SDKROOT = iphoneos;
				SWIFT_ACTIVE_COMPILATION_CONDITIONS = DEBUG;
				SWIFT_OPTIMIZATION_LEVEL = "-Onone";
				SWIFT_VERSION = 5.0;
			};
			name = Debug;
		};
		A00000000000000000000017 /* Release */ = {
			isa = XCBuildConfiguration;
			buildSettings = {
				CLANG_ANALYZER_LOCALIZABILITY_NONLOCALIZED = YES;
				CLANG_ENABLE_MODULES = YES;
				CLANG_WARN_BLOCK_CAPTURE_AUTORELEASING = YES;
				CLANG_WARN_BOOL_CONVERSION = YES;
				CLANG_WARN_COMMA = YES;
				CLANG_WARN_CONSTANT_CONVERSION = YES;
				CLANG_WARN_DEPRECATED_OBJC_IMPLEMENTATIONS = YES;
				CLANG_WARN_EMPTY_BODY = YES;
				CLANG_WARN_ENUM_CONVERSION = YES;
				CLANG_WARN_INFINITE_RECURSION = YES;
				CLANG_WARN_INT_CONVERSION = YES;
				CLANG_WARN_NON_LITERAL_NULL_CONVERSION = YES;
				CLANG_WARN_OBJC_IMPLICIT_RETAIN_SELF = YES;
				CLANG_WARN_OBJC_LITERAL_CONVERSION = YES;
				CLANG_WARN_QUOTED_INCLUDE_IN_FRAMEWORK_HEADER = YES;
				CLANG_WARN_RANGE_LOOP_ANALYSIS = YES;
				CLANG_WARN_STRICT_PROTOTYPES = YES;
				CLANG_WARN_SUSPICIOUS_MOVE = YES;
				CLANG_WARN_UNREACHABLE_CODE = YES;
				CLANG_WARN__DUPLICATE_METHOD_MATCH = YES;
				DEBUG_INFORMATION_FORMAT = "dwarf-with-dsym";
				ENABLE_STRICT_OBJC_MSGSEND = YES;
				ENABLE_USER_SCRIPT_SANDBOXING = YES;
				GCC_NO_COMMON_BLOCKS = YES;
				GCC_WARN_64_TO_32_BIT_CONVERSION = YES;
				GCC_WARN_ABOUT_RETURN_TYPE = YES;
				GCC_WARN_UNDECLARED_SELECTOR = YES;
				GCC_WARN_UNINITIALIZED_AUTOS = YES;
				GCC_WARN_UNUSED_FUNCTION = YES;
				GCC_WARN_UNUSED_VARIABLE = YES;
				IPHONEOS_DEPLOYMENT_TARGET = 16.0;
				SDKROOT = iphoneos;
				SWIFT_COMPILATION_MODE = wholemodule;
				SWIFT_VERSION = 5.0;
			};
			name = Release;
		};
		A00000000000000000000018 /* Debug */ = {
			isa = XCBuildConfiguration;
			buildSettings = {
				CLANG_ENABLE_OBJC_WEAK = YES;
				CODE_SIGN_STYLE = Automatic;
				CURRENT_PROJECT_VERSION = 1;
				ENABLE_PREVIEWS = YES;
				GENERATE_INFOPLIST_FILE = YES;
				INFOPLIST_KEY_UIApplicationSceneManifest_Generation = YES;
				INFOPLIST_KEY_UILaunchScreen_Generation = YES;
				INFOPLIST_KEY_UISupportedInterfaceOrientations_iPad = "UIInterfaceOrientationPortrait UIInterfaceOrientationLandscapeLeft UIInterfaceOrientationLandscapeRight";
				INFOPLIST_KEY_UISupportedInterfaceOrientations_iPhone = UIInterfaceOrientationPortrait;
				MARKETING_VERSION = 1.0;
				OTHER_LDFLAGS = "-ObjC";
				PRODUCT_BUNDLE_IDENTIFIER = com.example.CalmIOS;
				PRODUCT_NAME = "$(TARGET_NAME)";
				SUPPORTED_PLATFORMS = "iphoneos iphonesimulator";
				TARGETED_DEVICE_FAMILY = "1,2";
			};
			name = Debug;
		};
		A00000000000000000000019 /* Release */ = {
			isa = XCBuildConfiguration;
			buildSettings = {
				CLANG_ENABLE_OBJC_WEAK = YES;
				CODE_SIGN_STYLE = Automatic;
				CURRENT_PROJECT_VERSION = 1;
				GENERATE_INFOPLIST_FILE = YES;
				INFOPLIST_KEY_UIApplicationSceneManifest_Generation = YES;
				INFOPLIST_KEY_UILaunchScreen_Generation = YES;
				INFOPLIST_KEY_UISupportedInterfaceOrientations_iPad = "UIInterfaceOrientationPortrait UIInterfaceOrientationLandscapeLeft UIInterfaceOrientationLandscapeRight";
				INFOPLIST_KEY_UISupportedInterfaceOrientations_iPhone = UIInterfaceOrientationPortrait;
				MARKETING_VERSION = 1.0;
				OTHER_LDFLAGS = "-ObjC";
				PRODUCT_BUNDLE_IDENTIFIER = com.example.CalmIOS;
				PRODUCT_NAME = "$(TARGET_NAME)";
				SUPPORTED_PLATFORMS = "iphoneos iphonesimulator";
				TARGETED_DEVICE_FAMILY = "1,2";
			};
			name = Release;
		};
/* End XCBuildConfiguration section */

/* Begin XCConfigurationList section */
		A00000000000000000000010 /* Build configuration list for PBXProject "CalmIOS" */ = {
			isa = XCConfigurationList;
			buildConfigurations = (
				A00000000000000000000016 /* Debug */,
				A00000000000000000000017 /* Release */,
			);
			defaultConfigurationIsVisible = 0;
			defaultConfigurationName = Release;
		};
		A00000000000000000000011 /* Build configuration list for PBXNativeTarget "CalmIOS" */ = {
			isa = XCConfigurationList;
			buildConfigurations = (
				A00000000000000000000018 /* Debug */,
				A00000000000000000000019 /* Release */,
			);
			defaultConfigurationIsVisible = 0;
			defaultConfigurationName = Release;
		};
/* End XCConfigurationList section */

/* Begin XCRemoteSwiftPackageReference section */
		8CBC0D4C1B24CBD044F695D3 /* XCRemoteSwiftPackageReference "firebase-ios-sdk" */ = {
			isa = XCRemoteSwiftPackageReference;
			repositoryURL = "https://github.com/firebase/firebase-ios-sdk";
			requirement = {
				kind = upToNextMajorVersion;
				minimumVersion = 12.19.2;
			};
		};
/* End XCRemoteSwiftPackageReference section */

/* Begin XCSwiftPackageProductDependency section */
		07815B2FE75288FA1841D3B4 /* FirebaseCore */ = {
			isa = XCSwiftPackageProductDependency;
			package = 8CBC0D4C1B24CBD044F695D3 /* XCRemoteSwiftPackageReference "firebase-ios-sdk" */;
			productName = FirebaseCore;
		};
		622702610237BC142D51F5C8 /* FirebaseAuth */ = {
			isa = XCSwiftPackageProductDependency;
			package = 8CBC0D4C1B24CBD044F695D3 /* XCRemoteSwiftPackageReference "firebase-ios-sdk" */;
			productName = FirebaseAuth;
		};
		8A27F3BCA7C8389E916778B8 /* FirebaseFirestore */ = {
			isa = XCSwiftPackageProductDependency;
			package = 8CBC0D4C1B24CBD044F695D3 /* XCRemoteSwiftPackageReference "firebase-ios-sdk" */;
			productName = FirebaseFirestore;
		};
		"TEMP_C4A4881F-C369-4819-834D-032080197F3B" /* FirebaseCore */ = {
			isa = XCSwiftPackageProductDependency;
			package = 8CBC0D4C1B24CBD044F695D3 /* XCRemoteSwiftPackageReference "firebase-ios-sdk" */;
			productName = FirebaseCore;
		};
/* End XCSwiftPackageProductDependency section */
	};
	rootObject = A00000000000000000000001 /* Project object */;
}
